
Microsoft Visual Studio Solution File, Format Version 12.00
# Visual Studio Version 16
VisualStudioVersion = 16.0.30804.86
MinimumVisualStudioVersion = 10.0.40219.1
Project("{9A19103F-16F7-4668-BE54-9A1E7A4F7556}") = "WebDzivniekuPatversme", "WebPatversme\WebDzivniekuPatversme.csproj", "{28CDC842-A89A-4947-A5C6-986F5BF4B214}"
EndProject
Global
	GlobalSection(SolutionConfigurationPlatforms) = preSolution
		Debug|Any CPU = Debug|Any CPU
		Release|Any CPU = Release|Any CPU
	EndGlobalSection
	GlobalSection(ProjectConfigurationPlatforms) = postSolution
		{28CDC842-A89A-4947-A5C6-986F5BF4B214}.Debug|Any CPU.ActiveCfg = Debug|Any CPU
		{28CDC842-A89A-4947-A5C6-986F5BF4B214}.Debug|Any CPU.Build.0 = Debug|Any CPU
		{28CDC842-A89A-4947-A5C6-986F5BF4B214}.Release|Any CPU.ActiveCfg = Release|Any CPU
		{28CDC842-A89A-4947-A5C6-986F5BF4B214}.Release|Any CPU.Build.0 = Release|Any CPU
	EndGlobalSection
	GlobalSection(SolutionProperties) = preSolution
		HideSolutionNode = FALSE
	EndGlobalSection
	GlobalSection(ExtensibilityGlobals) = postSolution
		SolutionGuid = {E5173F23-D7F0-4452-9DB5-785D363D8C84}
	EndGlobalSection
EndGlobal
